Microsoft Visual Studio Solution File, Format Version 9.00
# Visual Studio 2005
Project("{FAE04EC0-301F-11D3-BF4B-00C04F79EFBC}") = "2005-test", "test\2005-test.csproj", "{76F923A3-5D99-45B9-9327-FBE56648A39F}"
EndProject
Project("{FAE04EC0-301F-11D3-BF4B-00C04F79EFBC}") = "2005-muzzle", "muzzle\2005-muzzle.csproj", "{071A79A9-E23F-418F-A6B7-63D3A3E59EEB}"
EndProject
Project("{FAE04EC0-301F-11D3-BF4B-00C04F79EFBC}") = "2005-Example", "Example\2005-Example.csproj", "{F7208FC2-C9FF-4019-96D8-E0F5001FDBFD}"
EndProject
Project("{F184B08F-C81C-45F6-A57F-5ABD9991F28F}") = "2005-VB.Example", "VB.Example\2005-VB.Example.vbproj", "{B5086B0D-C448-450F-945D-5DBE681F2EE7}"
EndProject
Project("{FAE04EC0-301F-11D3-BF4B-00C04F79EFBC}") = "2005-ConsoleClient", "ConsoleClient\2005-ConsoleClient.csproj", "{049FB855-89C4-4539-9E5E-0996834D6A0E}"
EndProject
Project("{FAE04EC0-301F-11D3-BF4B-00C04F79EFBC}") = "2005-jabber-net", "2005-jabber-net.csproj", "{6CAE854A-F202-4D2B-B10E-E8D8E81E5EF5}"
EndProject
Project("{930C7802-8A8C-48F9-8165-68863BCCD9DD}") = "JabberNetInstaller", "JabberNetInstaller\JabberNetInstaller.wixproj", "{D31142E8-ECC1-459E-912F-485331655DE9}"
EndProject
Project("{FAE04EC0-301F-11D3-BF4B-00C04F79EFBC}") = "netlib.Dns", "netlib.Dns\netlib.Dns.csproj", "{40AC7A7C-D3E5-46DF-B740-06BD9D2A00E1}"
EndProject
Global
	GlobalSection(SolutionConfigurationPlatforms) = preSolution
		Debug|Any CPU = Debug|Any CPU
		Debug|Mixed Platforms = Debug|Mixed Platforms
		Debug|Win32 = Debug|Win32
		Release|Any CPU = Release|Any CPU
		Release|Mixed Platforms = Release|Mixed Platforms
		Release|Win32 = Release|Win32
	EndGlobalSection
	GlobalSection(ProjectConfigurationPlatforms) = postSolution
		{76F923A3-5D99-45B9-9327-FBE56648A39F}.Debug|Any CPU.ActiveCfg = Debug|Any CPU
		{76F923A3-5D99-45B9-9327-FBE56648A39F}.Debug|Any CPU.Build.0 = Debug|Any CPU
		{76F923A3-5D99-45B9-9327-FBE56648A39F}.Debug|Mixed Platforms.ActiveCfg = Debug|Any CPU
		{76F923A3-5D99-45B9-9327-FBE56648A39F}.Debug|Mixed Platforms.Build.0 = Debug|Any CPU
		{76F923A3-5D99-45B9-9327-FBE56648A39F}.Debug|Win32.ActiveCfg = Debug|Any CPU
		{76F923A3-5D99-45B9-9327-FBE56648A39F}.Release|Any CPU.ActiveCfg = Release|Any CPU
		{76F923A3-5D99-45B9-9327-FBE56648A39F}.Release|Any CPU.Build.0 = Release|Any CPU
		{76F923A3-5D99-45B9-9327-FBE56648A39F}.Release|Mixed Platforms.ActiveCfg = Release|Any CPU
		{76F923A3-5D99-45B9-9327-FBE56648A39F}.Release|Mixed Platforms.Build.0 = Release|Any CPU
		{76F923A3-5D99-45B9-9327-FBE56648A39F}.Release|Win32.ActiveCfg = Release|Any CPU
		{071A79A9-E23F-418F-A6B7-63D3A3E59EEB}.Debug|Any CPU.ActiveCfg = Debug|Any CPU
		{071A79A9-E23F-418F-A6B7-63D3A3E59EEB}.Debug|Any CPU.Build.0 = Debug|Any CPU
		{071A79A9-E23F-418F-A6B7-63D3A3E59EEB}.Debug|Mixed Platforms.ActiveCfg = Debug|Any CPU
		{071A79A9-E23F-418F-A6B7-63D3A3E59EEB}.Debug|Mixed Platforms.Build.0 = Debug|Any CPU
		{071A79A9-E23F-418F-A6B7-63D3A3E59EEB}.Debug|Win32.ActiveCfg = Debug|Any CPU
		{071A79A9-E23F-418F-A6B7-63D3A3E59EEB}.Release|Any CPU.ActiveCfg = Release|Any CPU
		{071A79A9-E23F-418F-A6B7-63D3A3E59EEB}.Release|Any CPU.Build.0 = Release|Any CPU
		{071A79A9-E23F-418F-A6B7-63D3A3E59EEB}.Release|Mixed Platforms.ActiveCfg = Release|Any CPU
		{071A79A9-E23F-418F-A6B7-63D3A3E59EEB}.Release|Mixed Platforms.Build.0 = Release|Any CPU
		{071A79A9-E23F-418F-A6B7-63D3A3E59EEB}.Release|Win32.ActiveCfg = Release|Any CPU
		{F7208FC2-C9FF-4019-96D8-E0F5001FDBFD}.Debug|Any CPU.ActiveCfg = Debug|Any CPU
		{F7208FC2-C9FF-4019-96D8-E0F5001FDBFD}.Debug|Any CPU.Build.0 = Debug|Any CPU
		{F7208FC2-C9FF-4019-96D8-E0F5001FDBFD}.Debug|Mixed Platforms.ActiveCfg = Debug|Any CPU
		{F7208FC2-C9FF-4019-96D8-E0F5001FDBFD}.Debug|Mixed Platforms.Build.0 = Debug|Any CPU
		{F7208FC2-C9FF-4019-96D8-E0F5001FDBFD}.Debug|Win32.ActiveCfg = Debug|Any CPU
		{F7208FC2-C9FF-4019-96D8-E0F5001FDBFD}.Release|Any CPU.ActiveCfg = Release|Any CPU
		{F7208FC2-C9FF-4019-96D8-E0F5001FDBFD}.Release|Any CPU.Build.0 = Release|Any CPU
		{F7208FC2-C9FF-4019-96D8-E0F5001FDBFD}.Release|Mixed Platforms.ActiveCfg = Release|Any CPU
		{F7208FC2-C9FF-4019-96D8-E0F5001FDBFD}.Release|Mixed Platforms.Build.0 = Release|Any CPU
		{F7208FC2-C9FF-4019-96D8-E0F5001FDBFD}.Release|Win32.ActiveCfg = Release|Any CPU
		{B5086B0D-C448-450F-945D-5DBE681F2EE7}.Debug|Any CPU.ActiveCfg = Debug|Any CPU
		{B5086B0D-C448-450F-945D-5DBE681F2EE7}.Debug|Any CPU.Build.0 = Debug|Any CPU
		{B5086B0D-C448-450F-945D-5DBE681F2EE7}.Debug|Mixed Platforms.ActiveCfg = Debug|Any CPU
		{B5086B0D-C448-450F-945D-5DBE681F2EE7}.Debug|Mixed Platforms.Build.0 = Debug|Any CPU
		{B5086B0D-C448-450F-945D-5DBE681F2EE7}.Debug|Win32.ActiveCfg = Debug|Any CPU
		{B5086B0D-C448-450F-945D-5DBE681F2EE7}.Release|Any CPU.ActiveCfg = Release|Any CPU
		{B5086B0D-C448-450F-945D-5DBE681F2EE7}.Release|Any CPU.Build.0 = Release|Any CPU
		{B5086B0D-C448-450F-945D-5DBE681F2EE7}.Release|Mixed Platforms.ActiveCfg = Release|Any CPU
		{B5086B0D-C448-450F-945D-5DBE681F2EE7}.Release|Mixed Platforms.Build.0 = Release|Any CPU
		{B5086B0D-C448-450F-945D-5DBE681F2EE7}.Release|Win32.ActiveCfg = Release|Any CPU
		{049FB855-89C4-4539-9E5E-0996834D6A0E}.Debug|Any CPU.ActiveCfg = Debug|Any CPU
		{049FB855-89C4-4539-9E5E-0996834D6A0E}.Debug|Any CPU.Build.0 = Debug|Any CPU
		{049FB855-89C4-4539-9E5E-0996834D6A0E}.Debug|Mixed Platforms.ActiveCfg = Debug|Any CPU
		{049FB855-89C4-4539-9E5E-0996834D6A0E}.Debug|Mixed Platforms.Build.0 = Debug|Any CPU
		{049FB855-89C4-4539-9E5E-0996834D6A0E}.Debug|Win32.ActiveCfg = Debug|Any CPU
		{049FB855-89C4-4539-9E5E-0996834D6A0E}.Release|Any CPU.ActiveCfg = Release|Any CPU
		{049FB855-89C4-4539-9E5E-0996834D6A0E}.Release|Any CPU.Build.0 = Release|Any CPU
		{049FB855-89C4-4539-9E5E-0996834D6A0E}.Release|Mixed Platforms.ActiveCfg = Release|Any CPU
		{049FB855-89C4-4539-9E5E-0996834D6A0E}.Release|Mixed Platforms.Build.0 = Release|Any CPU
		{049FB855-89C4-4539-9E5E-0996834D6A0E}.Release|Win32.ActiveCfg = Release|Any CPU
		{6CAE854A-F202-4D2B-B10E-E8D8E81E5EF5}.Debug|Any CPU.ActiveCfg = Debug|Any CPU
		{6CAE854A-F202-4D2B-B10E-E8D8E81E5EF5}.Debug|Any CPU.Build.0 = Debug|Any CPU
		{6CAE854A-F202-4D2B-B10E-E8D8E81E5EF5}.Debug|Mixed Platforms.ActiveCfg = Debug|Any CPU
		{6CAE854A-F202-4D2B-B10E-E8D8E81E5EF5}.Debug|Mixed Platforms.Build.0 = Debug|Any CPU
		{6CAE854A-F202-4D2B-B10E-E8D8E81E5EF5}.Debug|Win32.ActiveCfg = Debug|Any CPU
		{6CAE854A-F202-4D2B-B10E-E8D8E81E5EF5}.Release|Any CPU.ActiveCfg = Release|Any CPU
		{6CAE854A-F202-4D2B-B10E-E8D8E81E5EF5}.Release|Any CPU.Build.0 = Release|Any CPU
		{6CAE854A-F202-4D2B-B10E-E8D8E81E5EF5}.Release|Mixed Platforms.ActiveCfg = Release|Any CPU
		{6CAE854A-F202-4D2B-B10E-E8D8E81E5EF5}.Release|Mixed Platforms.Build.0 = Release|Any CPU
		{6CAE854A-F202-4D2B-B10E-E8D8E81E5EF5}.Release|Win32.ActiveCfg = Release|Any CPU
		{D31142E8-ECC1-459E-912F-485331655DE9}.Debug|Any CPU.ActiveCfg = Debug|Any CPU
		{D31142E8-ECC1-459E-912F-485331655DE9}.Debug|Any CPU.Build.0 = Debug|Any CPU
		{D31142E8-ECC1-459E-912F-485331655DE9}.Debug|Mixed Platforms.ActiveCfg = Debug|Any CPU
		{D31142E8-ECC1-459E-912F-485331655DE9}.Debug|Win32.ActiveCfg = Debug|Any CPU
		{D31142E8-ECC1-459E-912F-485331655DE9}.Release|Any CPU.ActiveCfg = Release|Any CPU
		{D31142E8-ECC1-459E-912F-485331655DE9}.Release|Any CPU.Build.0 = Release|Any CPU
		{D31142E8-ECC1-459E-912F-485331655DE9}.Release|Mixed Platforms.ActiveCfg = Release|Any CPU
		{D31142E8-ECC1-459E-912F-485331655DE9}.Release|Mixed Platforms.Build.0 = Release|Any CPU
		{D31142E8-ECC1-459E-912F-485331655DE9}.Release|Win32.ActiveCfg = Release|Any CPU
		{40AC7A7C-D3E5-46DF-B740-06BD9D2A00E1}.Debug|Any CPU.ActiveCfg = Debug|Any CPU
		{40AC7A7C-D3E5-46DF-B740-06BD9D2A00E1}.Debug|Any CPU.Build.0 = Debug|Any CPU
		{40AC7A7C-D3E5-46DF-B740-06BD9D2A00E1}.Debug|Mixed Platforms.ActiveCfg = Debug|Any CPU
		{40AC7A7C-D3E5-46DF-B740-06BD9D2A00E1}.Debug|Mixed Platforms.Build.0 = Debug|Any CPU
		{40AC7A7C-D3E5-46DF-B740-06BD9D2A00E1}.Debug|Win32.ActiveCfg = Debug|Any CPU
		{40AC7A7C-D3E5-46DF-B740-06BD9D2A00E1}.Release|Any CPU.ActiveCfg = Release|Any CPU
		{40AC7A7C-D3E5-46DF-B740-06BD9D2A00E1}.Release|Any CPU.Build.0 = Release|Any CPU
		{40AC7A7C-D3E5-46DF-B740-06BD9D2A00E1}.Release|Mixed Platforms.ActiveCfg = Release|Any CPU
		{40AC7A7C-D3E5-46DF-B740-06BD9D2A00E1}.Release|Mixed Platforms.Build.0 = Release|Any CPU
		{40AC7A7C-D3E5-46DF-B740-06BD9D2A00E1}.Release|Win32.ActiveCfg = Release|Any CPU
	EndGlobalSection
	GlobalSection(SolutionProperties) = preSolution
		HideSolutionNode = FALSE
	EndGlobalSection
EndGlobal
