Microsoft Visual Studio Solution File, Format Version 12.00
# Visual Studio 14
VisualStudioVersion = 14.0.25420.1
MinimumVisualStudioVersion = 10.0.40219.1
Project("{2150E333-8FDC-42A3-9474-1A3956D46DE8}") = ".paket", ".paket", "{BFD2D70D-3C18-4BFD-B70E-38ED872B8F67}"
	ProjectSection(SolutionItems) = preProject
		paket.dependencies = paket.dependencies
	EndProjectSection
EndProject
Project("{2150E333-8FDC-42A3-9474-1A3956D46DE8}") = "scripts", "scripts", "{BBF059F0-722F-4DCC-AF7F-82054E8EF9F4}"
	ProjectSection(SolutionItems) = preProject
		Scripts\Build-Docs.ps1 = Scripts\Build-Docs.ps1
		scripts\Install.ps1 = scripts\Install.ps1
		Scripts\Package.ps1 = Scripts\Package.ps1
		Scripts\Push-Package.ps1 = Scripts\Push-Package.ps1
	EndProjectSection
EndProject
Project("{2150E333-8FDC-42A3-9474-1A3956D46DE8}") = "docs", "docs", "{608EAD0E-6217-4700-B9C1-01488F8B5701}"
	ProjectSection(SolutionItems) = preProject
		docs\generate.fsx = docs\generate.fsx
	EndProjectSection
EndProject
Project("{2150E333-8FDC-42A3-9474-1A3956D46DE8}") = "licenses", "licenses", "{F5D434F5-6D42-4491-85B3-6169D2F15BAE}"
	ProjectSection(SolutionItems) = preProject
		licenses\Jabber-Net_LGPLv3.txt = licenses\Jabber-Net_LGPLv3.txt
		licenses\UNICODE.txt = licenses\UNICODE.txt
		licenses\UnixDnsResolver_BSD.txt = licenses\UnixDnsResolver_BSD.txt
		licenses\xpnet_MIT.txt = licenses\xpnet_MIT.txt
	EndProjectSection
EndProject
Project("{2150E333-8FDC-42A3-9474-1A3956D46DE8}") = "content", "content", "{48441DC4-91E5-4E2D-B2C3-10DCBFAB33E3}"
	ProjectSection(SolutionItems) = preProject
		docs\content\FAQ.md = docs\content\FAQ.md
		docs\content\FAQ_GoogleTalk.md = docs\content\FAQ_GoogleTalk.md
		docs\content\FAQ_More.md = docs\content\FAQ_More.md
		docs\content\FAQ_Packets.md = docs\content\FAQ_Packets.md
		docs\content\FAQ_Register.md = docs\content\FAQ_Register.md
		docs\content\FAQ_UntrustedRootOK.md = docs\content\FAQ_UntrustedRootOK.md
		docs\content\FAQ_Where.md = docs\content\FAQ_Where.md
		docs\content\index.md = docs\content\index.md
		docs\content\SendMessage.md = docs\content\SendMessage.md
	EndProjectSection
EndProject
Project("{2150E333-8FDC-42A3-9474-1A3956D46DE8}") = "templates", "templates", "{E6F7B01B-A762-4833-ABDF-3662E63AC63B}"
	ProjectSection(SolutionItems) = preProject
		docs\templates\namespaces.cshtml = docs\templates\namespaces.cshtml
		docs\templates\template.cshtml = docs\templates\template.cshtml
	EndProjectSection
EndProject
Project("{2150E333-8FDC-42A3-9474-1A3956D46DE8}") = "Solution Items", "Solution Items", "{41BBF093-186E-44EE-9388-B7CE26F3D77E}"
	ProjectSection(SolutionItems) = preProject
		.editorconfig = .editorconfig
		.gitignore = .gitignore
		.travis.yml = .travis.yml
		appveyor.yml = appveyor.yml
		Licensing.md = Licensing.md
		paket.dependencies = paket.dependencies
		paket.lock = paket.lock
		Readme.md = Readme.md
	EndProjectSection
EndProject
Project("{8BB2217D-0F2D-49D1-97BC-3654ED321F3B}") = "JabberNet.Netlib.Dns", "src\JabberNet.Netlib.Dns\JabberNet.Netlib.Dns.xproj", "{E978BE1A-5654-4AE9-B5D3-8BE1A0056F1F}"
EndProject
Project("{8BB2217D-0F2D-49D1-97BC-3654ED321F3B}") = "JabberNet", "src\JabberNet\JabberNet.xproj", "{30CF5F13-7CF2-4DAC-A549-EE49BDEC4C08}"
EndProject
Project("{8BB2217D-0F2D-49D1-97BC-3654ED321F3B}") = "JabberNet.Test", "tests\JabberNet.Test\JabberNet.Test.xproj", "{3F7B322B-BD5D-4DB7-8528-08A4FFE9E199}"
EndProject
Project("{8BB2217D-0F2D-49D1-97BC-3654ED321F3B}") = "JabberNet.ConsoleClient", "examples\JabberNet.ConsoleClient\JabberNet.ConsoleClient.xproj", "{3FD358A4-8603-4306-BB78-E6D92C6935B0}"
EndProject
Project("{8BB2217D-0F2D-49D1-97BC-3654ED321F3B}") = "JabberNet.Example", "examples\JabberNet.Example\JabberNet.Example.xproj", "{0B0B4FD8-841E-4233-B3CA-E885093E35AE}"
EndProject
Project("{8BB2217D-0F2D-49D1-97BC-3654ED321F3B}") = "JabberNet.Muzzle", "src\JabberNet.Muzzle\JabberNet.Muzzle.xproj", "{32830894-E2CD-4F17-8CD0-3FE1C693A162}"
EndProject
Project("{F184B08F-C81C-45F6-A57F-5ABD9991F28F}") = "JabberNet.VbExample", "examples\JabberNet.VbExample\JabberNet.VbExample.vbproj", "{B5086B0D-C448-450F-945D-5DBE681F2EE7}"
	ProjectSection(ProjectDependencies) = postProject
		{30CF5F13-7CF2-4DAC-A549-EE49BDEC4C08} = {30CF5F13-7CF2-4DAC-A549-EE49BDEC4C08}
		{32830894-E2CD-4F17-8CD0-3FE1C693A162} = {32830894-E2CD-4F17-8CD0-3FE1C693A162}
	EndProjectSection
EndProject
Project("{8BB2217D-0F2D-49D1-97BC-3654ED321F3B}") = "JabberNet.Test.Muzzle", "tests\JabberNet.Test.Muzzle\JabberNet.Test.Muzzle.xproj", "{AA5EF38F-ABCE-4997-B96F-0846E62E46B3}"
EndProject
Global
	GlobalSection(SolutionConfigurationPlatforms) = preSolution
		Debug|Any CPU = Debug|Any CPU
		Release|Any CPU = Release|Any CPU
		Travis|Any CPU = Travis|Any CPU
	EndGlobalSection
	GlobalSection(ProjectConfigurationPlatforms) = postSolution
		{E978BE1A-5654-4AE9-B5D3-8BE1A0056F1F}.Debug|Any CPU.ActiveCfg = Debug|Any CPU
		{E978BE1A-5654-4AE9-B5D3-8BE1A0056F1F}.Debug|Any CPU.Build.0 = Debug|Any CPU
		{E978BE1A-5654-4AE9-B5D3-8BE1A0056F1F}.Release|Any CPU.ActiveCfg = Release|Any CPU
		{E978BE1A-5654-4AE9-B5D3-8BE1A0056F1F}.Release|Any CPU.Build.0 = Release|Any CPU
		{E978BE1A-5654-4AE9-B5D3-8BE1A0056F1F}.Travis|Any CPU.ActiveCfg = Release|Any CPU
		{E978BE1A-5654-4AE9-B5D3-8BE1A0056F1F}.Travis|Any CPU.Build.0 = Release|Any CPU
		{30CF5F13-7CF2-4DAC-A549-EE49BDEC4C08}.Debug|Any CPU.ActiveCfg = Debug|Any CPU
		{30CF5F13-7CF2-4DAC-A549-EE49BDEC4C08}.Debug|Any CPU.Build.0 = Debug|Any CPU
		{30CF5F13-7CF2-4DAC-A549-EE49BDEC4C08}.Release|Any CPU.ActiveCfg = Release|Any CPU
		{30CF5F13-7CF2-4DAC-A549-EE49BDEC4C08}.Release|Any CPU.Build.0 = Release|Any CPU
		{30CF5F13-7CF2-4DAC-A549-EE49BDEC4C08}.Travis|Any CPU.ActiveCfg = Release|Any CPU
		{30CF5F13-7CF2-4DAC-A549-EE49BDEC4C08}.Travis|Any CPU.Build.0 = Release|Any CPU
		{3F7B322B-BD5D-4DB7-8528-08A4FFE9E199}.Debug|Any CPU.ActiveCfg = Debug|Any CPU
		{3F7B322B-BD5D-4DB7-8528-08A4FFE9E199}.Debug|Any CPU.Build.0 = Debug|Any CPU
		{3F7B322B-BD5D-4DB7-8528-08A4FFE9E199}.Release|Any CPU.ActiveCfg = Release|Any CPU
		{3F7B322B-BD5D-4DB7-8528-08A4FFE9E199}.Release|Any CPU.Build.0 = Release|Any CPU
		{3F7B322B-BD5D-4DB7-8528-08A4FFE9E199}.Travis|Any CPU.ActiveCfg = Release|Any CPU
		{3F7B322B-BD5D-4DB7-8528-08A4FFE9E199}.Travis|Any CPU.Build.0 = Release|Any CPU
		{3FD358A4-8603-4306-BB78-E6D92C6935B0}.Debug|Any CPU.ActiveCfg = Debug|Any CPU
		{3FD358A4-8603-4306-BB78-E6D92C6935B0}.Debug|Any CPU.Build.0 = Debug|Any CPU
		{3FD358A4-8603-4306-BB78-E6D92C6935B0}.Release|Any CPU.ActiveCfg = Release|Any CPU
		{3FD358A4-8603-4306-BB78-E6D92C6935B0}.Release|Any CPU.Build.0 = Release|Any CPU
		{3FD358A4-8603-4306-BB78-E6D92C6935B0}.Travis|Any CPU.ActiveCfg = Release|Any CPU
		{3FD358A4-8603-4306-BB78-E6D92C6935B0}.Travis|Any CPU.Build.0 = Release|Any CPU
		{0B0B4FD8-841E-4233-B3CA-E885093E35AE}.Debug|Any CPU.ActiveCfg = Debug|Any CPU
		{0B0B4FD8-841E-4233-B3CA-E885093E35AE}.Debug|Any CPU.Build.0 = Debug|Any CPU
		{0B0B4FD8-841E-4233-B3CA-E885093E35AE}.Release|Any CPU.ActiveCfg = Release|Any CPU
		{0B0B4FD8-841E-4233-B3CA-E885093E35AE}.Release|Any CPU.Build.0 = Release|Any CPU
		{0B0B4FD8-841E-4233-B3CA-E885093E35AE}.Travis|Any CPU.ActiveCfg = Release|Any CPU
		{0B0B4FD8-841E-4233-B3CA-E885093E35AE}.Travis|Any CPU.Build.0 = Release|Any CPU
		{32830894-E2CD-4F17-8CD0-3FE1C693A162}.Debug|Any CPU.ActiveCfg = Debug|Any CPU
		{32830894-E2CD-4F17-8CD0-3FE1C693A162}.Debug|Any CPU.Build.0 = Debug|Any CPU
		{32830894-E2CD-4F17-8CD0-3FE1C693A162}.Release|Any CPU.ActiveCfg = Release|Any CPU
		{32830894-E2CD-4F17-8CD0-3FE1C693A162}.Release|Any CPU.Build.0 = Release|Any CPU
		{32830894-E2CD-4F17-8CD0-3FE1C693A162}.Travis|Any CPU.ActiveCfg = Release|Any CPU
		{32830894-E2CD-4F17-8CD0-3FE1C693A162}.Travis|Any CPU.Build.0 = Release|Any CPU
		{B5086B0D-C448-450F-945D-5DBE681F2EE7}.Debug|Any CPU.ActiveCfg = Debug|Any CPU
		{B5086B0D-C448-450F-945D-5DBE681F2EE7}.Debug|Any CPU.Build.0 = Debug|Any CPU
		{B5086B0D-C448-450F-945D-5DBE681F2EE7}.Release|Any CPU.ActiveCfg = Release|Any CPU
		{B5086B0D-C448-450F-945D-5DBE681F2EE7}.Release|Any CPU.Build.0 = Release|Any CPU
		{B5086B0D-C448-450F-945D-5DBE681F2EE7}.Travis|Any CPU.ActiveCfg = Release|Any CPU
		{AA5EF38F-ABCE-4997-B96F-0846E62E46B3}.Debug|Any CPU.ActiveCfg = Debug|Any CPU
		{AA5EF38F-ABCE-4997-B96F-0846E62E46B3}.Debug|Any CPU.Build.0 = Debug|Any CPU
		{AA5EF38F-ABCE-4997-B96F-0846E62E46B3}.Release|Any CPU.ActiveCfg = Release|Any CPU
		{AA5EF38F-ABCE-4997-B96F-0846E62E46B3}.Release|Any CPU.Build.0 = Release|Any CPU
		{AA5EF38F-ABCE-4997-B96F-0846E62E46B3}.Travis|Any CPU.ActiveCfg = Release|Any CPU
	EndGlobalSection
	GlobalSection(SolutionProperties) = preSolution
		HideSolutionNode = FALSE
	EndGlobalSection
	GlobalSection(NestedProjects) = preSolution
		{BFD2D70D-3C18-4BFD-B70E-38ED872B8F67} = {41BBF093-186E-44EE-9388-B7CE26F3D77E}
		{BBF059F0-722F-4DCC-AF7F-82054E8EF9F4} = {41BBF093-186E-44EE-9388-B7CE26F3D77E}
		{608EAD0E-6217-4700-B9C1-01488F8B5701} = {41BBF093-186E-44EE-9388-B7CE26F3D77E}
		{F5D434F5-6D42-4491-85B3-6169D2F15BAE} = {41BBF093-186E-44EE-9388-B7CE26F3D77E}
		{48441DC4-91E5-4E2D-B2C3-10DCBFAB33E3} = {608EAD0E-6217-4700-B9C1-01488F8B5701}
		{E6F7B01B-A762-4833-ABDF-3662E63AC63B} = {608EAD0E-6217-4700-B9C1-01488F8B5701}
	EndGlobalSection
EndGlobal
