Microsoft Visual Studio Solution File, Format Version 7.00
Project("{FAE04EC0-301F-11D3-BF4B-00C04F79EFBC}") = "jabber-net", "jabber-net.csproj", "{6CAE854A-F202-4D2B-B10E-E8D8E81E5EF5}"
EndProject
Project("{FAE04EC0-301F-11D3-BF4B-00C04F79EFBC}") = "test", "test\test.csproj", "{76F923A3-5D99-45B9-9327-FBE56648A39F}"
EndProject
Project("{FAE04EC0-301F-11D3-BF4B-00C04F79EFBC}") = "muzzle", "muzzle\muzzle.csproj", "{071A79A9-E23F-418F-A6B7-63D3A3E59EEB}"
EndProject
Project("{54435603-DBB4-11D2-8724-00A0C9A8B90C}") = "Setup", "Setup\Setup.vdproj", "{BEFCF9E1-1364-41B1-A62A-92D85B4B5414}"
EndProject
Global
	GlobalSection(SolutionConfiguration) = preSolution
		ConfigName.0 = Debug
		ConfigName.1 = Release
	EndGlobalSection
	GlobalSection(ProjectDependencies) = postSolution
	EndGlobalSection
	GlobalSection(ProjectConfiguration) = postSolution
		{6CAE854A-F202-4D2B-B10E-E8D8E81E5EF5}.Debug.ActiveCfg = Debug|.NET
		{6CAE854A-F202-4D2B-B10E-E8D8E81E5EF5}.Debug.Build.0 = Debug|.NET
		{6CAE854A-F202-4D2B-B10E-E8D8E81E5EF5}.Release.ActiveCfg = Release|.NET
		{6CAE854A-F202-4D2B-B10E-E8D8E81E5EF5}.Release.Build.0 = Release|.NET
		{76F923A3-5D99-45B9-9327-FBE56648A39F}.Debug.ActiveCfg = Debug|.NET
		{76F923A3-5D99-45B9-9327-FBE56648A39F}.Debug.Build.0 = Debug|.NET
		{76F923A3-5D99-45B9-9327-FBE56648A39F}.Release.ActiveCfg = Release|.NET
		{76F923A3-5D99-45B9-9327-FBE56648A39F}.Release.Build.0 = Release|.NET
		{071A79A9-E23F-418F-A6B7-63D3A3E59EEB}.Debug.ActiveCfg = Debug|.NET
		{071A79A9-E23F-418F-A6B7-63D3A3E59EEB}.Debug.Build.0 = Debug|.NET
		{071A79A9-E23F-418F-A6B7-63D3A3E59EEB}.Release.ActiveCfg = Release|.NET
		{071A79A9-E23F-418F-A6B7-63D3A3E59EEB}.Release.Build.0 = Release|.NET
		{BEFCF9E1-1364-41B1-A62A-92D85B4B5414}.Debug.ActiveCfg = Debug
		{BEFCF9E1-1364-41B1-A62A-92D85B4B5414}.Release.ActiveCfg = Release
	EndGlobalSection
	GlobalSection(ExtensibilityGlobals) = postSolution
	EndGlobalSection
	GlobalSection(ExtensibilityAddIns) = postSolution
	EndGlobalSection
EndGlobal
