Microsoft Visual Studio Solution File, Format Version 12.00
# Visual Studio 14
VisualStudioVersion = 14.0.25420.1
MinimumVisualStudioVersion = 10.0.40219.1
Project("{FAE04EC0-301F-11D3-BF4B-00C04F79EFBC}") = "JabberNet.Test", "tests\JabberNet.Test\JabberNet.Test.csproj", "{76F923A3-5D99-45B9-9327-FBE56648A39F}"
EndProject
Project("{FAE04EC0-301F-11D3-BF4B-00C04F79EFBC}") = "JabberNet.Muzzle", "src\JabberNet.Muzzle\JabberNet.Muzzle.csproj", "{071A79A9-E23F-418F-A6B7-63D3A3E59EEB}"
EndProject
Project("{FAE04EC0-301F-11D3-BF4B-00C04F79EFBC}") = "JabberNet.Example", "examples\JabberNet.Example\JabberNet.Example.csproj", "{F7208FC2-C9FF-4019-96D8-E0F5001FDBFD}"
EndProject
Project("{FAE04EC0-301F-11D3-BF4B-00C04F79EFBC}") = "JabberNet.ConsoleClient", "examples\JabberNet.ConsoleClient\JabberNet.ConsoleClient.csproj", "{049FB855-89C4-4539-9E5E-0996834D6A0E}"
EndProject
Project("{FAE04EC0-301F-11D3-BF4B-00C04F79EFBC}") = "JabberNet", "src\JabberNet\JabberNet.csproj", "{6CAE854A-F202-4D2B-B10E-E8D8E81E5EF5}"
EndProject
Project("{FAE04EC0-301F-11D3-BF4B-00C04F79EFBC}") = "JabberNet.Netlib.Dns", "src\JabberNet.Netlib.Dns\JabberNet.Netlib.Dns.csproj", "{40AC7A7C-D3E5-46DF-B740-06BD9D2A00E1}"
EndProject
Project("{2150E333-8FDC-42A3-9474-1A3956D46DE8}") = "Scripts", "Scripts", "{BBF059F0-722F-4DCC-AF7F-82054E8EF9F4}"
	ProjectSection(SolutionItems) = preProject
		Scripts\Build-Docs.ps1 = Scripts\Build-Docs.ps1
		Scripts\Package.ps1 = Scripts\Package.ps1
		Scripts\Push-Package.ps1 = Scripts\Push-Package.ps1
	EndProjectSection
EndProject
Project("{2150E333-8FDC-42A3-9474-1A3956D46DE8}") = "Solution Items", "Solution Items", "{2C25C63F-7C2F-4025-8A4D-B85ABF2C8A34}"
	ProjectSection(SolutionItems) = preProject
		.editorconfig = .editorconfig
		.gitignore = .gitignore
		.travis.yml = .travis.yml
		appveyor.yml = appveyor.yml
		Licensing.md = Licensing.md
		Readme.md = Readme.md
	EndProjectSection
EndProject
Project("{2150E333-8FDC-42A3-9474-1A3956D46DE8}") = "docs", "docs", "{608EAD0E-6217-4700-B9C1-01488F8B5701}"
	ProjectSection(SolutionItems) = preProject
		docs\generate.fsx = docs\generate.fsx
	EndProjectSection
EndProject
Project("{2150E333-8FDC-42A3-9474-1A3956D46DE8}") = "licenses", "licenses", "{F5D434F5-6D42-4491-85B3-6169D2F15BAE}"
	ProjectSection(SolutionItems) = preProject
		licenses\Jabber-Net_LGPLv3.txt = licenses\Jabber-Net_LGPLv3.txt
		licenses\UNICODE.txt = licenses\UNICODE.txt
		licenses\xpnet_MIT.txt = licenses\xpnet_MIT.txt
	EndProjectSection
EndProject
Project("{2150E333-8FDC-42A3-9474-1A3956D46DE8}") = "content", "content", "{48441DC4-91E5-4E2D-B2C3-10DCBFAB33E3}"
	ProjectSection(SolutionItems) = preProject
		docs\content\FAQ.md = docs\content\FAQ.md
		docs\content\FAQ_GoogleTalk.md = docs\content\FAQ_GoogleTalk.md
		docs\content\FAQ_More.md = docs\content\FAQ_More.md
		docs\content\FAQ_Packets.md = docs\content\FAQ_Packets.md
		docs\content\FAQ_Register.md = docs\content\FAQ_Register.md
		docs\content\FAQ_UntrustedRootOK.md = docs\content\FAQ_UntrustedRootOK.md
		docs\content\FAQ_Where.md = docs\content\FAQ_Where.md
		docs\content\howto.md = docs\content\howto.md
		docs\content\index.md = docs\content\index.md
		docs\content\licensing.md = docs\content\licensing.md
		docs\content\SendMessage.md = docs\content\SendMessage.md
	EndProjectSection
EndProject
Project("{2150E333-8FDC-42A3-9474-1A3956D46DE8}") = "templates", "templates", "{E6F7B01B-A762-4833-ABDF-3662E63AC63B}"
	ProjectSection(SolutionItems) = preProject
		docs\templates\namespaces.cshtml = docs\templates\namespaces.cshtml
		docs\templates\template.cshtml = docs\templates\template.cshtml
	EndProjectSection
EndProject
Project("{F184B08F-C81C-45F6-A57F-5ABD9991F28F}") = "JabberNet.VbExample", "examples\JabberNet.VbExample\JabberNet.VbExample.vbproj", "{B5086B0D-C448-450F-945D-5DBE681F2EE7}"
EndProject
Global
	GlobalSection(SolutionConfigurationPlatforms) = preSolution
		Debug|Any CPU = Debug|Any CPU
		Release|Any CPU = Release|Any CPU
	EndGlobalSection
	GlobalSection(ProjectConfigurationPlatforms) = postSolution
		{76F923A3-5D99-45B9-9327-FBE56648A39F}.Debug|Any CPU.ActiveCfg = Debug|Any CPU
		{76F923A3-5D99-45B9-9327-FBE56648A39F}.Debug|Any CPU.Build.0 = Debug|Any CPU
		{76F923A3-5D99-45B9-9327-FBE56648A39F}.Release|Any CPU.ActiveCfg = Release|Any CPU
		{76F923A3-5D99-45B9-9327-FBE56648A39F}.Release|Any CPU.Build.0 = Release|Any CPU
		{071A79A9-E23F-418F-A6B7-63D3A3E59EEB}.Debug|Any CPU.ActiveCfg = Debug|Any CPU
		{071A79A9-E23F-418F-A6B7-63D3A3E59EEB}.Debug|Any CPU.Build.0 = Debug|Any CPU
		{071A79A9-E23F-418F-A6B7-63D3A3E59EEB}.Release|Any CPU.ActiveCfg = Release|Any CPU
		{071A79A9-E23F-418F-A6B7-63D3A3E59EEB}.Release|Any CPU.Build.0 = Release|Any CPU
		{F7208FC2-C9FF-4019-96D8-E0F5001FDBFD}.Debug|Any CPU.ActiveCfg = Debug|Any CPU
		{F7208FC2-C9FF-4019-96D8-E0F5001FDBFD}.Debug|Any CPU.Build.0 = Debug|Any CPU
		{F7208FC2-C9FF-4019-96D8-E0F5001FDBFD}.Release|Any CPU.ActiveCfg = Release|Any CPU
		{F7208FC2-C9FF-4019-96D8-E0F5001FDBFD}.Release|Any CPU.Build.0 = Release|Any CPU
		{049FB855-89C4-4539-9E5E-0996834D6A0E}.Debug|Any CPU.ActiveCfg = Debug|Any CPU
		{049FB855-89C4-4539-9E5E-0996834D6A0E}.Debug|Any CPU.Build.0 = Debug|Any CPU
		{049FB855-89C4-4539-9E5E-0996834D6A0E}.Release|Any CPU.ActiveCfg = Release|Any CPU
		{049FB855-89C4-4539-9E5E-0996834D6A0E}.Release|Any CPU.Build.0 = Release|Any CPU
		{6CAE854A-F202-4D2B-B10E-E8D8E81E5EF5}.Debug|Any CPU.ActiveCfg = Debug|Any CPU
		{6CAE854A-F202-4D2B-B10E-E8D8E81E5EF5}.Debug|Any CPU.Build.0 = Debug|Any CPU
		{6CAE854A-F202-4D2B-B10E-E8D8E81E5EF5}.Release|Any CPU.ActiveCfg = Release|Any CPU
		{6CAE854A-F202-4D2B-B10E-E8D8E81E5EF5}.Release|Any CPU.Build.0 = Release|Any CPU
		{40AC7A7C-D3E5-46DF-B740-06BD9D2A00E1}.Debug|Any CPU.ActiveCfg = Debug|Any CPU
		{40AC7A7C-D3E5-46DF-B740-06BD9D2A00E1}.Debug|Any CPU.Build.0 = Debug|Any CPU
		{40AC7A7C-D3E5-46DF-B740-06BD9D2A00E1}.Release|Any CPU.ActiveCfg = Release|Any CPU
		{40AC7A7C-D3E5-46DF-B740-06BD9D2A00E1}.Release|Any CPU.Build.0 = Release|Any CPU
		{B5086B0D-C448-450F-945D-5DBE681F2EE7}.Debug|Any CPU.ActiveCfg = Debug|Any CPU
		{B5086B0D-C448-450F-945D-5DBE681F2EE7}.Debug|Any CPU.Build.0 = Debug|Any CPU
		{B5086B0D-C448-450F-945D-5DBE681F2EE7}.Release|Any CPU.ActiveCfg = Release|Any CPU
		{B5086B0D-C448-450F-945D-5DBE681F2EE7}.Release|Any CPU.Build.0 = Release|Any CPU
	EndGlobalSection
	GlobalSection(SolutionProperties) = preSolution
		HideSolutionNode = FALSE
	EndGlobalSection
	GlobalSection(NestedProjects) = preSolution
		{BBF059F0-722F-4DCC-AF7F-82054E8EF9F4} = {2C25C63F-7C2F-4025-8A4D-B85ABF2C8A34}
		{608EAD0E-6217-4700-B9C1-01488F8B5701} = {2C25C63F-7C2F-4025-8A4D-B85ABF2C8A34}
		{F5D434F5-6D42-4491-85B3-6169D2F15BAE} = {2C25C63F-7C2F-4025-8A4D-B85ABF2C8A34}
		{48441DC4-91E5-4E2D-B2C3-10DCBFAB33E3} = {608EAD0E-6217-4700-B9C1-01488F8B5701}
		{E6F7B01B-A762-4833-ABDF-3662E63AC63B} = {608EAD0E-6217-4700-B9C1-01488F8B5701}
	EndGlobalSection
EndGlobal
