Microsoft Visual Studio Solution File, Format Version 8.00
Project("{FAE04EC0-301F-11D3-BF4B-00C04F79EFBC}") = "ResTool", "ResTool.csproj", "{75FEEF46-F378-4364-B19F-E2D4A2D5DC68}"
	ProjectSection(ProjectDependencies) = postProject
	EndProjectSection
EndProject
Global
	GlobalSection(SolutionConfiguration) = preSolution
		Debug = Debug
		Release = Release
	EndGlobalSection
	GlobalSection(ProjectConfiguration) = postSolution
		{75FEEF46-F378-4364-B19F-E2D4A2D5DC68}.Debug.ActiveCfg = Debug|.NET
		{75FEEF46-F378-4364-B19F-E2D4A2D5DC68}.Debug.Build.0 = Debug|.NET
		{75FEEF46-F378-4364-B19F-E2D4A2D5DC68}.Release.ActiveCfg = Release|.NET
		{75FEEF46-F378-4364-B19F-E2D4A2D5DC68}.Release.Build.0 = Release|.NET
	EndGlobalSection
	GlobalSection(ExtensibilityGlobals) = postSolution
	EndGlobalSection
	GlobalSection(ExtensibilityAddIns) = postSolution
	EndGlobalSection
EndGlobal
